{
  "name": "@distributed-systems/http2-server",
  "version": "2.0.3",
  "lockfileVersion": 2,
  "requires": true,
  "packages": {
    "": {
      "name": "@distributed-systems/http2-server",
      "version": "2.0.3",
      "license": "MIT",
      "dependencies": {
        "@distributed-systems/http2-lib": "^2.0.2"
      }
    },
    "node_modules/@distributed-systems/http2-lib": {
      "version": "2.0.5",
      "resolved": "https://registry.npmjs.org/@distributed-systems/http2-lib/-/http2-lib-2.0.5.tgz",
      "integrity": "sha512-77kOb8NoaAxopJVZRTp36W3qTLMtravsX3PVPqZGpQCfb1f+X7bX8OkSdkUEyvGV1vByITAvwaJzNKz31JTKRQ==",
      "dependencies": {
        "@distributed-systems/types": "^2.0.0"
      }
    },
    "node_modules/@distributed-systems/types": {
      "version": "2.0.1",
      "resolved": "https://registry.npmjs.org/@distributed-systems/types/-/types-2.0.1.tgz",
      "integrity": "sha512-uXwVzjHi5EJU1l4TLgK2POuXUIVbOTMCO6YvTAV3mhHwXnbJ5sbZdylmKquojFYLxw743Pb8vlrbgKiHCAuxzg=="
    }
  },
  "dependencies": {
    "@distributed-systems/http2-lib": {
      "version": "2.0.5",
      "resolved": "https://registry.npmjs.org/@distributed-systems/http2-lib/-/http2-lib-2.0.5.tgz",
      "integrity": "sha512-77kOb8NoaAxopJVZRTp36W3qTLMtravsX3PVPqZGpQCfb1f+X7bX8OkSdkUEyvGV1vByITAvwaJzNKz31JTKRQ==",
      "requires": {
        "@distributed-systems/types": "^2.0.0"
      }
    },
    "@distributed-systems/types": {
      "version": "2.0.1",
      "resolved": "https://registry.npmjs.org/@distributed-systems/types/-/types-2.0.1.tgz",
      "integrity": "sha512-uXwVzjHi5EJU1l4TLgK2POuXUIVbOTMCO6YvTAV3mhHwXnbJ5sbZdylmKquojFYLxw743Pb8vlrbgKiHCAuxzg=="
    }
  }
}
